// !$*UTF8*$!
{
	archiveVersion = 1;
	classes = {
	};
	objectVersion = 50;
	objects = {

/* Begin PBXBuildFile section */
		4096CDE8240AB197000574FD /* AppDelegate.swift in Sources */ = {isa = PBXBuildFile; fileRef = 4096CDE7240AB197000574FD /* AppDelegate.swift */; };
		4096CDEA240AB197000574FD /* SceneDelegate.swift in Sources */ = {isa = PBXBuildFile; fileRef = 4096CDE9240AB197000574FD /* SceneDelegate.swift */; };
		4096CDEC240AB197000574FD /* Game View Controller.swift in Sources */ = {isa = PBXBuildFile; fileRef = 4096CDEB240AB197000574FD /* Game View Controller.swift */; };
		4096CDEF240AB197000574FD /* Main.storyboard in Resources */ = {isa = PBXBuildFile; fileRef = 4096CDED240AB197000574FD /* Main.storyboard */; };
		4096CDF1240AB198000574FD /* Assets.xcassets in Resources */ = {isa = PBXBuildFile; fileRef = 4096CDF0240AB198000574FD /* Assets.xcassets */; };
		4096CDF4240AB198000574FD /* LaunchScreen.storyboard in Resources */ = {isa = PBXBuildFile; fileRef = 4096CDF2240AB198000574FD /* LaunchScreen.storyboard */; };
		4096CDFF240AB199000574FD /* HelloWorldTests.swift in Sources */ = {isa = PBXBuildFile; fileRef = 4096CDFE240AB199000574FD /* HelloWorldTests.swift */; };
		4096CE0A240AB199000574FD /* HelloWorldUITests.swift in Sources */ = {isa = PBXBuildFile; fileRef = 4096CE09240AB199000574FD /* HelloWorldUITests.swift */; };
/* End PBXBuildFile section */

/* Begin PBXContainerItemProxy section */
		4096CDFB240AB199000574FD /* PBXContainerItemProxy */ = {
			isa = PBXContainerItemProxy;
			containerPortal = 4096CDDC240AB197000574FD /* Project object */;
			proxyType = 1;
			remoteGlobalIDString = 4096CDE3240AB197000574FD;
			remoteInfo = HelloWorld;
		};
		4096CE06240AB199000574FD /* PBXContainerItemProxy */ = {
			isa = PBXContainerItemProxy;
			containerPortal = 4096CDDC240AB197000574FD /* Project object */;
			proxyType = 1;
			remoteGlobalIDString = 4096CDE3240AB197000574FD;
			remoteInfo = HelloWorld;
		};
/* End PBXContainerItemProxy section */

/* Begin PBXFileReference section */
		4096CDE4240AB197000574FD /* HelloWorld.app */ = {isa = PBXFileReference; explicitFileType = wrapper.application; includeInIndex = 0; path = HelloWorld.app; sourceTree = BUILT_PRODUCTS_DIR; };
		4096CDE7240AB197000574FD /* AppDelegate.swift */ = {isa = PBXFileReference; lastKnownFileType = sourcecode.swift; path = AppDelegate.swift; sourceTree = "<group>"; };
		4096CDE9240AB197000574FD /* SceneDelegate.swift */ = {isa = PBXFileReference; lastKnownFileType = sourcecode.swift; path = SceneDelegate.swift; sourceTree = "<group>"; };
		4096CDEB240AB197000574FD /* Game View Controller.swift */ = {isa = PBXFileReference; lastKnownFileType = sourcecode.swift; path = "Game View Controller.swift"; sourceTree = "<group>"; };
		4096CDEE240AB197000574FD /* Base */ = {isa = PBXFileReference; lastKnownFileType = file.storyboard; name = Base; path = Base.lproj/Main.storyboard; sourceTree = "<group>"; };
		4096CDF0240AB198000574FD /* Assets.xcassets */ = {isa = PBXFileReference; lastKnownFileType = folder.assetcatalog; path = Assets.xcassets; sourceTree = "<group>"; };
		4096CDF3240AB198000574FD /* Base */ = {isa = PBXFileReference; lastKnownFileType = file.storyboard; name = Base; path = Base.lproj/LaunchScreen.storyboard; sourceTree = "<group>"; };
		4096CDF5240AB198000574FD /* Info.plist */ = {isa = PBXFileReference; lastKnownFileType = text.plist.xml; path = Info.plist; sourceTree = "<group>"; };
		4096CDFA240AB199000574FD /* HelloWorldTests.xctest */ = {isa = PBXFileReference; explicitFileType = wrapper.cfbundle; includeInIndex = 0; path = HelloWorldTests.xctest; sourceTree = BUILT_PRODUCTS_DIR; };
		4096CDFE240AB199000574FD /* HelloWorldTests.swift */ = {isa = PBXFileReference; lastKnownFileType = sourcecode.swift; path = HelloWorldTests.swift; sourceTree = "<group>"; };
		4096CE00240AB199000574FD /* Info.plist */ = {isa = PBXFileReference; lastKnownFileType = text.plist.xml; path = Info.plist; sourceTree = "<group>"; };
		4096CE05240AB199000574FD /* HelloWorldUITests.xctest */ = {isa = PBXFileReference; explicitFileType = wrapper.cfbundle; includeInIndex = 0; path = HelloWorldUITests.xctest; sourceTree = BUILT_PRODUCTS_DIR; };
		4096CE09240AB199000574FD /* HelloWorldUITests.swift */ = {isa = PBXFileReference; lastKnownFileType = sourcecode.swift; path = HelloWorldUITests.swift; sourceTree = "<group>"; };
		4096CE0B240AB199000574FD /* Info.plist */ = {isa = PBXFileReference; lastKnownFileType = text.plist.xml; path = Info.plist; sourceTree = "<group>"; };
/* End PBXFileReference section */

/* Begin PBXFrameworksBuildPhase section */
		4096CDE1240AB197000574FD /* Frameworks */ = {
			isa = PBXFrameworksBuildPhase;
			buildActionMask = 2147483647;
			files = (
			);
			runOnlyForDeploymentPostprocessing = 0;
		};
		4096CDF7240AB199000574FD /* Frameworks */ = {
			isa = PBXFrameworksBuildPhase;
			buildActionMask = 2147483647;
			files = (
			);
			runOnlyForDeploymentPostprocessing = 0;
		};
		4096CE02240AB199000574FD /* Frameworks */ = {
			isa = PBXFrameworksBuildPhase;
			buildActionMask = 2147483647;
			files = (
			);
			runOnlyForDeploymentPostprocessing = 0;
		};
/* End PBXFrameworksBuildPhase section */

/* Begin PBXGroup section */
		4096CDDB240AB197000574FD = {
			isa = PBXGroup;
			children = (
				4096CDE6240AB197000574FD /* HelloWorld */,
				4096CDFD240AB199000574FD /* HelloWorldTests */,
				4096CE08240AB199000574FD /* HelloWorldUITests */,
				4096CDE5240AB197000574FD /* Products */,
			);
			sourceTree = "<group>";
		};
		4096CDE5240AB197000574FD /* Products */ = {
			isa = PBXGroup;
			children = (
				4096CDE4240AB197000574FD /* HelloWorld.app */,
				4096CDFA240AB199000574FD /* HelloWorldTests.xctest */,
				4096CE05240AB199000574FD /* HelloWorldUITests.xctest */,
			);
			name = Products;
			sourceTree = "<group>";
		};
		4096CDE6240AB197000574FD /* HelloWorld */ = {
			isa = PBXGroup;
			children = (
				4096CDE7240AB197000574FD /* AppDelegate.swift */,
				4096CDE9240AB197000574FD /* SceneDelegate.swift */,
				4096CDEB240AB197000574FD /* Game View Controller.swift */,
				4096CDED240AB197000574FD /* Main.storyboard */,
				4096CDF0240AB198000574FD /* Assets.xcassets */,
				4096CDF2240AB198000574FD /* LaunchScreen.storyboard */,
				4096CDF5240AB198000574FD /* Info.plist */,
			);
			path = HelloWorld;
			sourceTree = "<group>";
		};
		4096CDFD240AB199000574FD /* HelloWorldTests */ = {
			isa = PBXGroup;
			children = (
				4096CDFE240AB199000574FD /* HelloWorldTests.swift */,
				4096CE00240AB199000574FD /* Info.plist */,
			);
			path = HelloWorldTests;
			sourceTree = "<group>";
		};
		4096CE08240AB199000574FD /* HelloWorldUITests */ = {
			isa = PBXGroup;
			children = (
				4096CE09240AB199000574FD /* HelloWorldUITests.swift */,
				4096CE0B240AB199000574FD /* Info.plist */,
			);
			path = HelloWorldUITests;
			sourceTree = "<group>";
		};
/* End PBXGroup section */

/* Begin PBXNativeTarget section */
		4096CDE3240AB197000574FD /* HelloWorld */ = {
			isa = PBXNativeTarget;
			buildConfigurationList = 4096CE0E240AB199000574FD /* Build configuration list for PBXNativeTarget "HelloWorld" */;
			buildPhases = (
				4096CDE0240AB197000574FD /* Sources */,
				4096CDE1240AB197000574FD /* Frameworks */,
				4096CDE2240AB197000574FD /* Resources */,
			);
			buildRules = (
			);
			dependencies = (
			);
			name = HelloWorld;
			productName = HelloWorld;
			productReference = 4096CDE4240AB197000574FD /* HelloWorld.app */;
			productType = "com.apple.product-type.application";
		};
		4096CDF9240AB199000574FD /* HelloWorldTests */ = {
			isa = PBXNativeTarget;
			buildConfigurationList = 4096CE11240AB199000574FD /* Build configuration list for PBXNativeTarget "HelloWorldTests" */;
			buildPhases = (
				4096CDF6240AB199000574FD /* Sources */,
				4096CDF7240AB199000574FD /* Frameworks */,
				4096CDF8240AB199000574FD /* Resources */,
			);
			buildRules = (
			);
			dependencies = (
				4096CDFC240AB199000574FD /* PBXTargetDependency */,
			);
			name = HelloWorldTests;
			productName = HelloWorldTests;
			productReference = 4096CDFA240AB199000574FD /* HelloWorldTests.xctest */;
			productType = "com.apple.product-type.bundle.unit-test";
		};
		4096CE04240AB199000574FD /* HelloWorldUITests */ = {
			isa = PBXNativeTarget;
			buildConfigurationList = 4096CE14240AB199000574FD /* Build configuration list for PBXNativeTarget "HelloWorldUITests" */;
			buildPhases = (
				4096CE01240AB199000574FD /* Sources */,
				4096CE02240AB199000574FD /* Frameworks */,
				4096CE03240AB199000574FD /* Resources */,
			);
			buildRules = (
			);
			dependencies = (
				4096CE07240AB199000574FD /* PBXTargetDependency */,
			);
			name = HelloWorldUITests;
			productName = HelloWorldUITests;
			productReference = 4096CE05240AB199000574FD /* HelloWorldUITests.xctest */;
			productType = "com.apple.product-type.bundle.ui-testing";
		};
/* End PBXNativeTarget section */

/* Begin PBXProject section */
		4096CDDC240AB197000574FD /* Project object */ = {
			isa = PBXProject;
			attributes = {
				LastSwiftUpdateCheck = 1130;
				LastUpgradeCheck = 1130;
				ORGANIZATIONNAME = mcda_arun;
				TargetAttributes = {
					4096CDE3240AB197000574FD = {
						CreatedOnToolsVersion = 11.3.1;
					};
					4096CDF9240AB199000574FD = {
						CreatedOnToolsVersion = 11.3.1;
						TestTargetID = 4096CDE3240AB197000574FD;
					};
					4096CE04240AB199000574FD = {
						CreatedOnToolsVersion = 11.3.1;
						TestTargetID = 4096CDE3240AB197000574FD;
					};
				};
			};
			buildConfigurationList = 4096CDDF240AB197000574FD /* Build configuration list for PBXProject "HelloWorld" */;
			compatibilityVersion = "Xcode 9.3";
			developmentRegion = en;
			hasScannedForEncodings = 0;
			knownRegions = (
				en,
				Base,
			);
			mainGroup = 4096CDDB240AB197000574FD;
			productRefGroup = 4096CDE5240AB197000574FD /* Products */;
			projectDirPath = "";
			projectRoot = "";
			targets = (
				4096CDE3240AB197000574FD /* HelloWorld */,
				4096CDF9240AB199000574FD /* HelloWorldTests */,
				4096CE04240AB199000574FD /* HelloWorldUITests */,
			);
		};
/* End PBXProject section */

/* Begin PBXResourcesBuildPhase section */
		4096CDE2240AB197000574FD /* Resources */ = {
			isa = PBXResourcesBuildPhase;
			buildActionMask = 2147483647;
			files = (
				4096CDF4240AB198000574FD /* LaunchScreen.storyboard in Resources */,
				4096CDF1240AB198000574FD /* Assets.xcassets in Resources */,
				4096CDEF240AB197000574FD /* Main.storyboard in Resources */,
			);
			runOnlyForDeploymentPostprocessing = 0;
		};
		4096CDF8240AB199000574FD /* Resources */ = {
			isa = PBXResourcesBuildPhase;
			buildActionMask = 2147483647;
			files = (
			);
			runOnlyForDeploymentPostprocessing = 0;
		};
		4096CE03240AB199000574FD /* Resources */ = {
			isa = PBXResourcesBuildPhase;
			buildActionMask = 2147483647;
			files = (
			);
			runOnlyForDeploymentPostprocessing = 0;
		};
/* End PBXResourcesBuildPhase section */

/* Begin PBXSourcesBuildPhase section */
		4096CDE0240AB197000574FD /* Sources */ = {
			isa = PBXSourcesBuildPhase;
			buildActionMask = 2147483647;
			files = (
				4096CDEC240AB197000574FD /* Game View Controller.swift in Sources */,
				4096CDE8240AB197000574FD /* AppDelegate.swift in Sources */,
				4096CDEA240AB197000574FD /* SceneDelegate.swift in Sources */,
			);
			runOnlyForDeploymentPostprocessing = 0;
		};
		4096CDF6240AB199000574FD /* Sources */ = {
			isa = PBXSourcesBuildPhase;
			buildActionMask = 2147483647;
			files = (
				4096CDFF240AB199000574FD /* HelloWorldTests.swift in Sources */,
			);
			runOnlyForDeploymentPostprocessing = 0;
		};
		4096CE01240AB199000574FD /* Sources */ = {
			isa = PBXSourcesBuildPhase;
			buildActionMask = 2147483647;
			files = (
				4096CE0A240AB199000574FD /* HelloWorldUITests.swift in Sources */,
			);
			runOnlyForDeploymentPostprocessing = 0;
		};
/* End PBXSourcesBuildPhase section */

/* Begin PBXTargetDependency section */
		4096CDFC240AB199000574FD /* PBXTargetDependency */ = {
			isa = PBXTargetDependency;
			target = 4096CDE3240AB197000574FD /* HelloWorld */;
			targetProxy = 4096CDFB240AB199000574FD /* PBXContainerItemProxy */;
		};
		4096CE07240AB199000574FD /* PBXTargetDependency */ = {
			isa = PBXTargetDependency;
			target = 4096CDE3240AB197000574FD /* HelloWorld */;
			targetProxy = 4096CE06240AB199000574FD /* PBXContainerItemProxy */;
		};
/* End PBXTargetDependency section */

/* Begin PBXVariantGroup section */
		4096CDED240AB197000574FD /* Main.storyboard */ = {
			isa = PBXVariantGroup;
			children = (
				4096CDEE240AB197000574FD /* Base */,
			);
			name = Main.storyboard;
			sourceTree = "<group>";
		};
		4096CDF2240AB198000574FD /* LaunchScreen.storyboard */ = {
			isa = PBXVariantGroup;
			children = (
				4096CDF3240AB198000574FD /* Base */,
			);
			name = LaunchScreen.storyboard;
			sourceTree = "<group>";
		};
/* End PBXVariantGroup section */

/* Begin XCBuildConfiguration section */
		4096CE0C240AB199000574FD /* Debug */ = {
			isa = XCBuildConfiguration;
			buildSettings = {
				ALWAYS_SEARCH_USER_PATHS = NO;
				CLANG_ANALYZER_NONNULL = YES;
				CLANG_ANALYZER_NUMBER_OBJECT_CONVERSION = YES_AGGRESSIVE;
				CLANG_CXX_LANGUAGE_STANDARD = "gnu++14";
				CLANG_CXX_LIBRARY = "libc++";
				CLANG_ENABLE_MODULES = YES;
				CLANG_ENABLE_OBJC_ARC = YES;
				CLANG_ENABLE_OBJC_WEAK = YES;
				CLANG_WARN_BLOCK_CAPTURE_AUTORELEASING = YES;
				CLANG_WARN_BOOL_CONVERSION = YES;
				CLANG_WARN_COMMA = YES;
				CLANG_WARN_CONSTANT_CONVERSION = YES;
				CLANG_WARN_DEPRECATED_OBJC_IMPLEMENTATIONS = YES;
				CLANG_WARN_DIRECT_OBJC_ISA_USAGE = YES_ERROR;
				CLANG_WARN_DOCUMENTATION_COMMENTS = YES;
				CLANG_WARN_EMPTY_BODY = YES;
				CLANG_WARN_ENUM_CONVERSION = YES;
				CLANG_WARN_INFINITE_RECURSION = YES;
				CLANG_WARN_INT_CONVERSION = YES;
				CLANG_WARN_NON_LITERAL_NULL_CONVERSION = YES;
				CLANG_WARN_OBJC_IMPLICIT_RETAIN_SELF = YES;
				CLANG_WARN_OBJC_LITERAL_CONVERSION = YES;
				CLANG_WARN_OBJC_ROOT_CLASS = YES_ERROR;
				CLANG_WARN_RANGE_LOOP_ANALYSIS = YES;
				CLANG_WARN_STRICT_PROTOTYPES = YES;
				CLANG_WARN_SUSPICIOUS_MOVE = YES;
				CLANG_WARN_UNGUARDED_AVAILABILITY = YES_AGGRESSIVE;
				CLANG_WARN_UNREACHABLE_CODE = YES;
				CLANG_WARN__DUPLICATE_METHOD_MATCH = YES;
				COPY_PHASE_STRIP = NO;
				DEBUG_INFORMATION_FORMAT = dwarf;
				ENABLE_STRICT_OBJC_MSGSEND = YES;
				ENABLE_TESTABILITY = YES;
				GCC_C_LANGUAGE_STANDARD = gnu11;
				GCC_DYNAMIC_NO_PIC = NO;
				GCC_NO_COMMON_BLOCKS = YES;
				GCC_OPTIMIZATION_LEVEL = 0;
				GCC_PREPROCESSOR_DEFINITIONS = (
					"DEBUG=1",
					"$(inherited)",
				);
				GCC_WARN_64_TO_32_BIT_CONVERSION = YES;
				GCC_WARN_ABOUT_RETURN_TYPE = YES_ERROR;
				GCC_WARN_UNDECLARED_SELECTOR = YES;
				GCC_WARN_UNINITIALIZED_AUTOS = YES_AGGRESSIVE;
				GCC_WARN_UNUSED_FUNCTION = YES;
				GCC_WARN_UNUSED_VARIABLE = YES;
				IPHONEOS_DEPLOYMENT_TARGET = 13.2;
				MTL_ENABLE_DEBUG_INFO = INCLUDE_SOURCE;
				MTL_FAST_MATH = YES;
				ONLY_ACTIVE_ARCH = YES;
				SDKROOT = iphoneos;
				SWIFT_ACTIVE_COMPILATION_CONDITIONS = DEBUG;
				SWIFT_OPTIMIZATION_LEVEL = "-Onone";
			};
			name = Debug;
		};
		4096CE0D240AB199000574FD /* Release */ = {
			isa = XCBuildConfiguration;
			buildSettings = {
				ALWAYS_SEARCH_USER_PATHS = NO;
				CLANG_ANALYZER_NONNULL = YES;
				CLANG_ANALYZER_NUMBER_OBJECT_CONVERSION = YES_AGGRESSIVE;
				CLANG_CXX_LANGUAGE_STANDARD = "gnu++14";
				CLANG_CXX_LIBRARY = "libc++";
				CLANG_ENABLE_MODULES = YES;
				CLANG_ENABLE_OBJC_ARC = YES;
				CLANG_ENABLE_OBJC_WEAK = YES;
				CLANG_WARN_BLOCK_CAPTURE_AUTORELEASING = YES;
				CLANG_WARN_BOOL_CONVERSION = YES;
				CLANG_WARN_COMMA = YES;
				CLANG_WARN_CONSTANT_CONVERSION = YES;
				CLANG_WARN_DEPRECATED_OBJC_IMPLEMENTATIONS = YES;
				CLANG_WARN_DIRECT_OBJC_ISA_USAGE = YES_ERROR;
				CLANG_WARN_DOCUMENTATION_COMMENTS = YES;
				CLANG_WARN_EMPTY_BODY = YES;
				CLANG_WARN_ENUM_CONVERSION = YES;
				CLANG_WARN_INFINITE_RECURSION = YES;
				CLANG_WARN_INT_CONVERSION = YES;
				CLANG_WARN_NON_LITERAL_NULL_CONVERSION = YES;
				CLANG_WARN_OBJC_IMPLICIT_RETAIN_SELF = YES;
				CLANG_WARN_OBJC_LITERAL_CONVERSION = YES;
				CLANG_WARN_OBJC_ROOT_CLASS = YES_ERROR;
				CLANG_WARN_RANGE_LOOP_ANALYSIS = YES;
				CLANG_WARN_STRICT_PROTOTYPES = YES;
				CLANG_WARN_SUSPICIOUS_MOVE = YES;
				CLANG_WARN_UNGUARDED_AVAILABILITY = YES_AGGRESSIVE;
				CLANG_WARN_UNREACHABLE_CODE = YES;
				CLANG_WARN__DUPLICATE_METHOD_MATCH = YES;
				COPY_PHASE_STRIP = NO;
				DEBUG_INFORMATION_FORMAT = "dwarf-with-dsym";
				ENABLE_NS_ASSERTIONS = NO;
				ENABLE_STRICT_OBJC_MSGSEND = YES;
				GCC_C_LANGUAGE_STANDARD = gnu11;
				GCC_NO_COMMON_BLOCKS = YES;
				GCC_WARN_64_TO_32_BIT_CONVERSION = YES;
				GCC_WARN_ABOUT_RETURN_TYPE = YES_ERROR;
				GCC_WARN_UNDECLARED_SELECTOR = YES;
				GCC_WARN_UNINITIALIZED_AUTOS = YES_AGGRESSIVE;
				GCC_WARN_UNUSED_FUNCTION = YES;
				GCC_WARN_UNUSED_VARIABLE = YES;
				IPHONEOS_DEPLOYMENT_TARGET = 13.2;
				MTL_ENABLE_DEBUG_INFO = NO;
				MTL_FAST_MATH = YES;
				SDKROOT = iphoneos;
				SWIFT_COMPILATION_MODE = wholemodule;
				SWIFT_OPTIMIZATION_LEVEL = "-O";
				VALIDATE_PRODUCT = YES;
			};
			name = Release;
		};
		4096CE0F240AB199000574FD /* Debug */ = {
			isa = XCBuildConfiguration;
			buildSettings = {
				ASSETCATALOG_COMPILER_APPICON_NAME = AppIcon;
				CODE_SIGN_STYLE = Automatic;
				DEVELOPMENT_TEAM = 8DV639X979;
				INFOPLIST_FILE = HelloWorld/Info.plist;
				LD_RUNPATH_SEARCH_PATHS = (
					"$(inherited)",
					"@executable_path/Frameworks",
				);
				PRODUCT_BUNDLE_IDENTIFIER = com.mcda.HelloWorld;
				PRODUCT_NAME = "$(TARGET_NAME)";
				SWIFT_VERSION = 5.0;
				TARGETED_DEVICE_FAMILY = "1,2";
			};
			name = Debug;
		};
		4096CE10240AB199000574FD /* Release */ = {
			isa = XCBuildConfiguration;
			buildSettings = {
				ASSETCATALOG_COMPILER_APPICON_NAME = AppIcon;
				CODE_SIGN_STYLE = Automatic;
				DEVELOPMENT_TEAM = 8DV639X979;
				INFOPLIST_FILE = HelloWorld/Info.plist;
				LD_RUNPATH_SEARCH_PATHS = (
					"$(inherited)",
					"@executable_path/Frameworks",
				);
				PRODUCT_BUNDLE_IDENTIFIER = com.mcda.HelloWorld;
				PRODUCT_NAME = "$(TARGET_NAME)";
				SWIFT_VERSION = 5.0;
				TARGETED_DEVICE_FAMILY = "1,2";
			};
			name = Release;
		};
		4096CE12240AB199000574FD /* Debug */ = {
			isa = XCBuildConfiguration;
			buildSettings = {
				ALWAYS_EMBED_SWIFT_STANDARD_LIBRARIES = YES;
				BUNDLE_LOADER = "$(TEST_HOST)";
				CODE_SIGN_STYLE = Automatic;
				DEVELOPMENT_TEAM = 8DV639X979;
				INFOPLIST_FILE = HelloWorldTests/Info.plist;
				IPHONEOS_DEPLOYMENT_TARGET = 13.2;
				LD_RUNPATH_SEARCH_PATHS = (
					"$(inherited)",
					"@executable_path/Frameworks",
					"@loader_path/Frameworks",
				);
				PRODUCT_BUNDLE_IDENTIFIER = com.mcda.HelloWorldTests;
				PRODUCT_NAME = "$(TARGET_NAME)";
				SWIFT_VERSION = 5.0;
				TARGETED_DEVICE_FAMILY = "1,2";
				TEST_HOST = "$(BUILT_PRODUCTS_DIR)/HelloWorld.app/HelloWorld";
			};
			name = Debug;
		};
		4096CE13240AB199000574FD /* Release */ = {
			isa = XCBuildConfiguration;
			buildSettings = {
				ALWAYS_EMBED_SWIFT_STANDARD_LIBRARIES = YES;
				BUNDLE_LOADER = "$(TEST_HOST)";
				CODE_SIGN_STYLE = Automatic;
				DEVELOPMENT_TEAM = 8DV639X979;
				INFOPLIST_FILE = HelloWorldTests/Info.plist;
				IPHONEOS_DEPLOYMENT_TARGET = 13.2;
				LD_RUNPATH_SEARCH_PATHS = (
					"$(inherited)",
					"@executable_path/Frameworks",
					"@loader_path/Frameworks",
				);
				PRODUCT_BUNDLE_IDENTIFIER = com.mcda.HelloWorldTests;
				PRODUCT_NAME = "$(TARGET_NAME)";
				SWIFT_VERSION = 5.0;
				TARGETED_DEVICE_FAMILY = "1,2";
				TEST_HOST = "$(BUILT_PRODUCTS_DIR)/HelloWorld.app/HelloWorld";
			};
			name = Release;
		};
		4096CE15240AB199000574FD /* Debug */ = {
			isa = XCBuildConfiguration;
			buildSettings = {
				ALWAYS_EMBED_SWIFT_STANDARD_LIBRARIES = YES;
				CODE_SIGN_STYLE = Automatic;
				DEVELOPMENT_TEAM = 8DV639X979;
				INFOPLIST_FILE = HelloWorldUITests/Info.plist;
				LD_RUNPATH_SEARCH_PATHS = (
					"$(inherited)",
					"@executable_path/Frameworks",
					"@loader_path/Frameworks",
				);
				PRODUCT_BUNDLE_IDENTIFIER = com.mcda.HelloWorldUITests;
				PRODUCT_NAME = "$(TARGET_NAME)";
				SWIFT_VERSION = 5.0;
				TARGETED_DEVICE_FAMILY = "1,2";
				TEST_TARGET_NAME = HelloWorld;
			};
			name = Debug;
		};
		4096CE16240AB199000574FD /* Release */ = {
			isa = XCBuildConfiguration;
			buildSettings = {
				ALWAYS_EMBED_SWIFT_STANDARD_LIBRARIES = YES;
				CODE_SIGN_STYLE = Automatic;
				DEVELOPMENT_TEAM = 8DV639X979;
				INFOPLIST_FILE = HelloWorldUITests/Info.plist;
				LD_RUNPATH_SEARCH_PATHS = (
					"$(inherited)",
					"@executable_path/Frameworks",
					"@loader_path/Frameworks",
				);
				PRODUCT_BUNDLE_IDENTIFIER = com.mcda.HelloWorldUITests;
				PRODUCT_NAME = "$(TARGET_NAME)";
				SWIFT_VERSION = 5.0;
				TARGETED_DEVICE_FAMILY = "1,2";
				TEST_TARGET_NAME = HelloWorld;
			};
			name = Release;
		};
/* End XCBuildConfiguration section */

/* Begin XCConfigurationList section */
		4096CDDF240AB197000574FD /* Build configuration list for PBXProject "HelloWorld" */ = {
			isa = XCConfigurationList;
			buildConfigurations = (
				4096CE0C240AB199000574FD /* Debug */,
				4096CE0D240AB199000574FD /* Release */,
			);
			defaultConfigurationIsVisible = 0;
			defaultConfigurationName = Release;
		};
		4096CE0E240AB199000574FD /* Build configuration list for PBXNativeTarget "HelloWorld" */ = {
			isa = XCConfigurationList;
			buildConfigurations = (
				4096CE0F240AB199000574FD /* Debug */,
				4096CE10240AB199000574FD /* Release */,
			);
			defaultConfigurationIsVisible = 0;
			defaultConfigurationName = Release;
		};
		4096CE11240AB199000574FD /* Build configuration list for PBXNativeTarget "HelloWorldTests" */ = {
			isa = XCConfigurationList;
			buildConfigurations = (
				4096CE12240AB199000574FD /* Debug */,
				4096CE13240AB199000574FD /* Release */,
			);
			defaultConfigurationIsVisible = 0;
			defaultConfigurationName = Release;
		};
		4096CE14240AB199000574FD /* Build configuration list for PBXNativeTarget "HelloWorldUITests" */ = {
			isa = XCConfigurationList;
			buildConfigurations = (
				4096CE15240AB199000574FD /* Debug */,
				4096CE16240AB199000574FD /* Release */,
			);
			defaultConfigurationIsVisible = 0;
			defaultConfigurationName = Release;
		};
/* End XCConfigurationList section */
	};
	rootObject = 4096CDDC240AB197000574FD /* Project object */;
}
